// !$*UTF8*$!
{
	archiveVersion = 1;
	classes = {
	};
	objectVersion = 46;
	objects = {

/* Begin PBXBuildFile section */
		B24DD4F01D814C5900B2E7F4 /* main.m in Sources */ = {isa = PBXBuildFile; fileRef = B24DD4EF1D814C5900B2E7F4 /* main.m */; };
		B24DD4F31D814C5900B2E7F4 /* AppDelegate.m in Sources */ = {isa = PBXBuildFile; fileRef = B24DD4F21D814C5900B2E7F4 /* AppDelegate.m */; };
		B24DD4F61D814C5900B2E7F4 /* ViewController.m in Sources */ = {isa = PBXBuildFile; fileRef = B24DD4F51D814C5900B2E7F4 /* ViewController.m */; };
		B24DD4F91D814C5900B2E7F4 /* Main.storyboard in Resources */ = {isa = PBXBuildFile; fileRef = B24DD4F71D814C5900B2E7F4 /* Main.storyboard */; };
		B24DD4FB1D814C5900B2E7F4 /* Assets.xcassets in Resources */ = {isa = PBXBuildFile; fileRef = B24DD4FA1D814C5900B2E7F4 /* Assets.xcassets */; };
		B24DD4FE1D814C5900B2E7F4 /* LaunchScreen.storyboard in Resources */ = {isa = PBXBuildFile; fileRef = B24DD4FC1D814C5900B2E7F4 /* LaunchScreen.storyboard */; };
		B24DD5091D814C5900B2E7F4 /* BarrageDemoTests.m in Sources */ = {isa = PBXBuildFile; fileRef = B24DD5081D814C5900B2E7F4 /* BarrageDemoTests.m */; };
		B24F3D391D89281C009F4C59 /* BarrageModel.m in Sources */ = {isa = PBXBuildFile; fileRef = B24F3D381D89281C009F4C59 /* BarrageModel.m */; };
		B2658FD61D93A76300DAF793 /* BarrageFile.plist in Resources */ = {isa = PBXBuildFile; fileRef = B2658FD51D93A76300DAF793 /* BarrageFile.plist */; };
		B2658FDD1D93A7F500DAF793 /* BarrageView.m in Sources */ = {isa = PBXBuildFile; fileRef = B2658FDA1D93A7F500DAF793 /* BarrageView.m */; };
		B2658FDE1D93A7F500DAF793 /* BarrageViewCell.m in Sources */ = {isa = PBXBuildFile; fileRef = B2658FDC1D93A7F500DAF793 /* BarrageViewCell.m */; };
		B26590141D93A8D700DAF793 /* CustomCell.m in Sources */ = {isa = PBXBuildFile; fileRef = B26590131D93A8D700DAF793 /* CustomCell.m */; };
		B26590181D93A8F500DAF793 /* CustomCell.xib in Resources */ = {isa = PBXBuildFile; fileRef = B26590171D93A8F500DAF793 /* CustomCell.xib */; };
		B265903B1D93ADB100DAF793 /* MKAnnotationView+WebCache.m in Sources */ = {isa = PBXBuildFile; fileRef = B265901B1D93ADB100DAF793 /* MKAnnotationView+WebCache.m */; };
		B265903C1D93ADB100DAF793 /* NSData+ImageContentType.m in Sources */ = {isa = PBXBuildFile; fileRef = B265901D1D93ADB100DAF793 /* NSData+ImageContentType.m */; };
		B265903D1D93ADB100DAF793 /* SDImageCache.m in Sources */ = {isa = PBXBuildFile; fileRef = B265901F1D93ADB100DAF793 /* SDImageCache.m */; };
		B265903E1D93ADB100DAF793 /* SDWebImageCompat.m in Sources */ = {isa = PBXBuildFile; fileRef = B26590211D93ADB100DAF793 /* SDWebImageCompat.m */; };
		B265903F1D93ADB100DAF793 /* SDWebImageDecoder.m in Sources */ = {isa = PBXBuildFile; fileRef = B26590231D93ADB100DAF793 /* SDWebImageDecoder.m */; };
		B26590401D93ADB100DAF793 /* SDWebImageDownloader.m in Sources */ = {isa = PBXBuildFile; fileRef = B26590251D93ADB100DAF793 /* SDWebImageDownloader.m */; };
		B26590411D93ADB100DAF793 /* SDWebImageDownloaderOperation.m in Sources */ = {isa = PBXBuildFile; fileRef = B26590271D93ADB100DAF793 /* SDWebImageDownloaderOperation.m */; };
		B26590421D93ADB100DAF793 /* SDWebImageManager.m in Sources */ = {isa = PBXBuildFile; fileRef = B26590291D93ADB100DAF793 /* SDWebImageManager.m */; };
		B26590431D93ADB100DAF793 /* SDWebImagePrefetcher.m in Sources */ = {isa = PBXBuildFile; fileRef = B265902C1D93ADB100DAF793 /* SDWebImagePrefetcher.m */; };
		B26590441D93ADB100DAF793 /* UIButton+WebCache.m in Sources */ = {isa = PBXBuildFile; fileRef = B265902E1D93ADB100DAF793 /* UIButton+WebCache.m */; };
		B26590451D93ADB100DAF793 /* UIImage+GIF.m in Sources */ = {isa = PBXBuildFile; fileRef = B26590301D93ADB100DAF793 /* UIImage+GIF.m */; };
		B26590461D93ADB100DAF793 /* UIImage+MultiFormat.m in Sources */ = {isa = PBXBuildFile; fileRef = B26590321D93ADB100DAF793 /* UIImage+MultiFormat.m */; };
		B26590471D93ADB100DAF793 /* UIImage+WebP.m in Sources */ = {isa = PBXBuildFile; fileRef = B26590341D93ADB100DAF793 /* UIImage+WebP.m */; };
		B26590481D93ADB100DAF793 /* UIImageView+HighlightedWebCache.m in Sources */ = {isa = PBXBuildFile; fileRef = B26590361D93ADB100DAF793 /* UIImageView+HighlightedWebCache.m */; };
		B26590491D93ADB100DAF793 /* UIImageView+WebCache.m in Sources */ = {isa = PBXBuildFile; fileRef = B26590381D93ADB100DAF793 /* UIImageView+WebCache.m */; };
		B265904A1D93ADB100DAF793 /* UIView+WebCacheOperation.m in Sources */ = {isa = PBXBuildFile; fileRef = B265903A1D93ADB100DAF793 /* UIView+WebCacheOperation.m */; };
		B26590631D93AEF100DAF793 /* MJDictionaryCache.m in Sources */ = {isa = PBXBuildFile; fileRef = B265904D1D93AEF100DAF793 /* MJDictionaryCache.m */; };
		B26590641D93AEF100DAF793 /* MJExtensionConst.m in Sources */ = {isa = PBXBuildFile; fileRef = B26590501D93AEF100DAF793 /* MJExtensionConst.m */; };
		B26590651D93AEF100DAF793 /* MJFoundation.m in Sources */ = {isa = PBXBuildFile; fileRef = B26590521D93AEF100DAF793 /* MJFoundation.m */; };
		B26590661D93AEF100DAF793 /* MJProperty.m in Sources */ = {isa = PBXBuildFile; fileRef = B26590541D93AEF100DAF793 /* MJProperty.m */; };
		B26590671D93AEF100DAF793 /* MJPropertyKey.m in Sources */ = {isa = PBXBuildFile; fileRef = B26590561D93AEF100DAF793 /* MJPropertyKey.m */; };
		B26590681D93AEF100DAF793 /* MJPropertyType.m in Sources */ = {isa = PBXBuildFile; fileRef = B26590581D93AEF100DAF793 /* MJPropertyType.m */; };
		B26590691D93AEF100DAF793 /* NSObject+MJClass.m in Sources */ = {isa = PBXBuildFile; fileRef = B265905A1D93AEF100DAF793 /* NSObject+MJClass.m */; };
		B265906A1D93AEF100DAF793 /* NSObject+MJCoding.m in Sources */ = {isa = PBXBuildFile; fileRef = B265905C1D93AEF100DAF793 /* NSObject+MJCoding.m */; };
		B265906B1D93AEF100DAF793 /* NSObject+MJKeyValue.m in Sources */ = {isa = PBXBuildFile; fileRef = B265905E1D93AEF100DAF793 /* NSObject+MJKeyValue.m */; };
		B265906C1D93AEF100DAF793 /* NSObject+MJProperty.m in Sources */ = {isa = PBXBuildFile; fileRef = B26590601D93AEF100DAF793 /* NSObject+MJProperty.m */; };
		B265906D1D93AEF100DAF793 /* NSString+MJExtension.m in Sources */ = {isa = PBXBuildFile; fileRef = B26590621D93AEF100DAF793 /* NSString+MJExtension.m */; };
/* End PBXBuildFile section */

/* Begin PBXContainerItemProxy section */
		B24DD5051D814C5900B2E7F4 /* PBXContainerItemProxy */ = {
			isa = PBXContainerItemProxy;
			containerPortal = B24DD4E31D814C5900B2E7F4 /* Project object */;
			proxyType = 1;
			remoteGlobalIDString = B24DD4EA1D814C5900B2E7F4;
			remoteInfo = BarrageDemo;
		};
/* End PBXContainerItemProxy section */

/* Begin PBXFileReference section */
		B24DD4EB1D814C5900B2E7F4 /* BarrageDemo.app */ = {isa = PBXFileReference; explicitFileType = wrapper.application; includeInIndex = 0; path = BarrageDemo.app; sourceTree = BUILT_PRODUCTS_DIR; };
		B24DD4EF1D814C5900B2E7F4 /* main.m */ = {isa = PBXFileReference; lastKnownFileType = sourcecode.c.objc; path = main.m; sourceTree = "<group>"; };
		B24DD4F11D814C5900B2E7F4 /* AppDelegate.h */ = {isa = PBXFileReference; lastKnownFileType = sourcecode.c.h; path = AppDelegate.h; sourceTree = "<group>"; };
		B24DD4F21D814C5900B2E7F4 /* AppDelegate.m */ = {isa = PBXFileReference; lastKnownFileType = sourcecode.c.objc; path = AppDelegate.m; sourceTree = "<group>"; };
		B24DD4F41D814C5900B2E7F4 /* ViewController.h */ = {isa = PBXFileReference; lastKnownFileType = sourcecode.c.h; path = ViewController.h; sourceTree = "<group>"; };
		B24DD4F51D814C5900B2E7F4 /* ViewController.m */ = {isa = PBXFileReference; lastKnownFileType = sourcecode.c.objc; path = ViewController.m; sourceTree = "<group>"; };
		B24DD4F81D814C5900B2E7F4 /* Base */ = {isa = PBXFileReference; lastKnownFileType = file.storyboard; name = Base; path = Base.lproj/Main.storyboard; sourceTree = "<group>"; };
		B24DD4FA1D814C5900B2E7F4 /* Assets.xcassets */ = {isa = PBXFileReference; lastKnownFileType = folder.assetcatalog; path = Assets.xcassets; sourceTree = "<group>"; };
		B24DD4FD1D814C5900B2E7F4 /* Base */ = {isa = PBXFileReference; lastKnownFileType = file.storyboard; name = Base; path = Base.lproj/LaunchScreen.storyboard; sourceTree = "<group>"; };
		B24DD4FF1D814C5900B2E7F4 /* Info.plist */ = {isa = PBXFileReference; lastKnownFileType = text.plist.xml; path = Info.plist; sourceTree = "<group>"; };
		B24DD5041D814C5900B2E7F4 /* BarrageDemoTests.xctest */ = {isa = PBXFileReference; explicitFileType = wrapper.cfbundle; includeInIndex = 0; path = BarrageDemoTests.xctest; sourceTree = BUILT_PRODUCTS_DIR; };
		B24DD5081D814C5900B2E7F4 /* BarrageDemoTests.m */ = {isa = PBXFileReference; lastKnownFileType = sourcecode.c.objc; path = BarrageDemoTests.m; sourceTree = "<group>"; };
		B24DD50A1D814C5900B2E7F4 /* Info.plist */ = {isa = PBXFileReference; lastKnownFileType = text.plist.xml; path = Info.plist; sourceTree = "<group>"; };
		B24F3D371D89281C009F4C59 /* BarrageModel.h */ = {isa = PBXFileReference; fileEncoding = 4; lastKnownFileType = sourcecode.c.h; path = BarrageModel.h; sourceTree = "<group>"; };
		B24F3D381D89281C009F4C59 /* BarrageModel.m */ = {isa = PBXFileReference; fileEncoding = 4; lastKnownFileType = sourcecode.c.objc; path = BarrageModel.m; sourceTree = "<group>"; };
		B2658FD51D93A76300DAF793 /* BarrageFile.plist */ = {isa = PBXFileReference; fileEncoding = 4; lastKnownFileType = text.plist.xml; path = BarrageFile.plist; sourceTree = "<group>"; };
		B2658FD81D93A7F500DAF793 /* BarrageModelAble.h */ = {isa = PBXFileReference; fileEncoding = 4; lastKnownFileType = sourcecode.c.h; path = BarrageModelAble.h; sourceTree = "<group>"; };
		B2658FD91D93A7F500DAF793 /* BarrageView.h */ = {isa = PBXFileReference; fileEncoding = 4; lastKnownFileType = sourcecode.c.h; path = BarrageView.h; sourceTree = "<group>"; };
		B2658FDA1D93A7F500DAF793 /* BarrageView.m */ = {isa = PBXFileReference; fileEncoding = 4; lastKnownFileType = sourcecode.c.objc; path = BarrageView.m; sourceTree = "<group>"; };
		B2658FDB1D93A7F500DAF793 /* BarrageViewCell.h */ = {isa = PBXFileReference; fileEncoding = 4; lastKnownFileType = sourcecode.c.h; path = BarrageViewCell.h; sourceTree = "<group>"; };
		B2658FDC1D93A7F500DAF793 /* BarrageViewCell.m */ = {isa = PBXFileReference; fileEncoding = 4; lastKnownFileType = sourcecode.c.objc; path = BarrageViewCell.m; sourceTree = "<group>"; };
		B26590121D93A8D700DAF793 /* CustomCell.h */ = {isa = PBXFileReference; fileEncoding = 4; lastKnownFileType = sourcecode.c.h; path = CustomCell.h; sourceTree = "<group>"; };
		B26590131D93A8D700DAF793 /* CustomCell.m */ = {isa = PBXFileReference; fileEncoding = 4; lastKnownFileType = sourcecode.c.objc; path = CustomCell.m; sourceTree = "<group>"; };
		B26590171D93A8F500DAF793 /* CustomCell.xib */ = {isa = PBXFileReference; fileEncoding = 4; lastKnownFileType = file.xib; path = CustomCell.xib; sourceTree = "<group>"; };
		B265901A1D93ADB100DAF793 /* MKAnnotationView+WebCache.h */ = {isa = PBXFileReference; fileEncoding = 4; lastKnownFileType = sourcecode.c.h; path = "MKAnnotationView+WebCache.h"; sourceTree = "<group>"; };
		B265901B1D93ADB100DAF793 /* MKAnnotationView+WebCache.m */ = {isa = PBXFileReference; fileEncoding = 4; lastKnownFileType = sourcecode.c.objc; path = "MKAnnotationView+WebCache.m"; sourceTree = "<group>"; };
		B265901C1D93ADB100DAF793 /* NSData+ImageContentType.h */ = {isa = PBXFileReference; fileEncoding = 4; lastKnownFileType = sourcecode.c.h; path = "NSData+ImageContentType.h"; sourceTree = "<group>"; };
		B265901D1D93ADB100DAF793 /* NSData+ImageContentType.m */ = {isa = PBXFileReference; fileEncoding = 4; lastKnownFileType = sourcecode.c.objc; path = "NSData+ImageContentType.m"; sourceTree = "<group>"; };
		B265901E1D93ADB100DAF793 /* SDImageCache.h */ = {isa = PBXFileReference; fileEncoding = 4; lastKnownFileType = sourcecode.c.h; path = SDImageCache.h; sourceTree = "<group>"; };
		B265901F1D93ADB100DAF793 /* SDImageCache.m */ = {isa = PBXFileReference; fileEncoding = 4; lastKnownFileType = sourcecode.c.objc; path = SDImageCache.m; sourceTree = "<group>"; };
		B26590201D93ADB100DAF793 /* SDWebImageCompat.h */ = {isa = PBXFileReference; fileEncoding = 4; lastKnownFileType = sourcecode.c.h; path = SDWebImageCompat.h; sourceTree = "<group>"; };
		B26590211D93ADB100DAF793 /* SDWebImageCompat.m */ = {isa = PBXFileReference; fileEncoding = 4; lastKnownFileType = sourcecode.c.objc; path = SDWebImageCompat.m; sourceTree = "<group>"; };
		B26590221D93ADB100DAF793 /* SDWebImageDecoder.h */ = {isa = PBXFileReference; fileEncoding = 4; lastKnownFileType = sourcecode.c.h; path = SDWebImageDecoder.h; sourceTree = "<group>"; };
		B26590231D93ADB100DAF793 /* SDWebImageDecoder.m */ = {isa = PBXFileReference; fileEncoding = 4; lastKnownFileType = sourcecode.c.objc; path = SDWebImageDecoder.m; sourceTree = "<group>"; };
		B26590241D93ADB100DAF793 /* SDWebImageDownloader.h */ = {isa = PBXFileReference; fileEncoding = 4; lastKnownFileType = sourcecode.c.h; path = SDWebImageDownloader.h; sourceTree = "<group>"; };
		B26590251D93ADB100DAF793 /* SDWebImageDownloader.m */ = {isa = PBXFileReference; fileEncoding = 4; lastKnownFileType = sourcecode.c.objc; path = SDWebImageDownloader.m; sourceTree = "<group>"; };
		B26590261D93ADB100DAF793 /* SDWebImageDownloaderOperation.h */ = {isa = PBXFileReference; fileEncoding = 4; lastKnownFileType = sourcecode.c.h; path = SDWebImageDownloaderOperation.h; sourceTree = "<group>"; };
		B26590271D93ADB100DAF793 /* SDWebImageDownloaderOperation.m */ = {isa = PBXFileReference; fileEncoding = 4; lastKnownFileType = sourcecode.c.objc; path = SDWebImageDownloaderOperation.m; sourceTree = "<group>"; };
		B26590281D93ADB100DAF793 /* SDWebImageManager.h */ = {isa = PBXFileReference; fileEncoding = 4; lastKnownFileType = sourcecode.c.h; path = SDWebImageManager.h; sourceTree = "<group>"; };
		B26590291D93ADB100DAF793 /* SDWebImageManager.m */ = {isa = PBXFileReference; fileEncoding = 4; lastKnownFileType = sourcecode.c.objc; path = SDWebImageManager.m; sourceTree = "<group>"; };
		B265902A1D93ADB100DAF793 /* SDWebImageOperation.h */ = {isa = PBXFileReference; fileEncoding = 4; lastKnownFileType = sourcecode.c.h; path = SDWebImageOperation.h; sourceTree = "<group>"; };
		B265902B1D93ADB100DAF793 /* SDWebImagePrefetcher.h */ = {isa = PBXFileReference; fileEncoding = 4; lastKnownFileType = sourcecode.c.h; path = SDWebImagePrefetcher.h; sourceTree = "<group>"; };
		B265902C1D93ADB100DAF793 /* SDWebImagePrefetcher.m */ = {isa = PBXFileReference; fileEncoding = 4; lastKnownFileType = sourcecode.c.objc; path = SDWebImagePrefetcher.m; sourceTree = "<group>"; };
		B265902D1D93ADB100DAF793 /* UIButton+WebCache.h */ = {isa = PBXFileReference; fileEncoding = 4; lastKnownFileType = sourcecode.c.h; path = "UIButton+WebCache.h"; sourceTree = "<group>"; };
		B265902E1D93ADB100DAF793 /* UIButton+WebCache.m */ = {isa = PBXFileReference; fileEncoding = 4; lastKnownFileType = sourcecode.c.objc; path = "UIButton+WebCache.m"; sourceTree = "<group>"; };
		B265902F1D93ADB100DAF793 /* UIImage+GIF.h */ = {isa = PBXFileReference; fileEncoding = 4; lastKnownFileType = sourcecode.c.h; path = "UIImage+GIF.h"; sourceTree = "<group>"; };
		B26590301D93ADB100DAF793 /* UIImage+GIF.m */ = {isa = PBXFileReference; fileEncoding = 4; lastKnownFileType = sourcecode.c.objc; path = "UIImage+GIF.m"; sourceTree = "<group>"; };
		B26590311D93ADB100DAF793 /* UIImage+MultiFormat.h */ = {isa = PBXFileReference; fileEncoding = 4; lastKnownFileType = sourcecode.c.h; path = "UIImage+MultiFormat.h"; sourceTree = "<group>"; };
		B26590321D93ADB100DAF793 /* UIImage+MultiFormat.m */ = {isa = PBXFileReference; fileEncoding = 4; lastKnownFileType = sourcecode.c.objc; path = "UIImage+MultiFormat.m"; sourceTree = "<group>"; };
		B26590331D93ADB100DAF793 /* UIImage+WebP.h */ = {isa = PBXFileReference; fileEncoding = 4; lastKnownFileType = sourcecode.c.h; path = "UIImage+WebP.h"; sourceTree = "<group>"; };
		B26590341D93ADB100DAF793 /* UIImage+WebP.m */ = {isa = PBXFileReference; fileEncoding = 4; lastKnownFileType = sourcecode.c.objc; path = "UIImage+WebP.m"; sourceTree = "<group>"; };
		B26590351D93ADB100DAF793 /* UIImageView+HighlightedWebCache.h */ = {isa = PBXFileReference; fileEncoding = 4; lastKnownFileType = sourcecode.c.h; path = "UIImageView+HighlightedWebCache.h"; sourceTree = "<group>"; };
		B26590361D93ADB100DAF793 /* UIImageView+HighlightedWebCache.m */ = {isa = PBXFileReference; fileEncoding = 4; lastKnownFileType = sourcecode.c.objc; path = "UIImageView+HighlightedWebCache.m"; sourceTree = "<group>"; };
		B26590371D93ADB100DAF793 /* UIImageView+WebCache.h */ = {isa = PBXFileReference; fileEncoding = 4; lastKnownFileType = sourcecode.c.h; path = "UIImageView+WebCache.h"; sourceTree = "<group>"; };
		B26590381D93ADB100DAF793 /* UIImageView+WebCache.m */ = {isa = PBXFileReference; fileEncoding = 4; lastKnownFileType = sourcecode.c.objc; path = "UIImageView+WebCache.m"; sourceTree = "<group>"; };
		B26590391D93ADB100DAF793 /* UIView+WebCacheOperation.h */ = {isa = PBXFileReference; fileEncoding = 4; lastKnownFileType = sourcecode.c.h; path = "UIView+WebCacheOperation.h"; sourceTree = "<group>"; };
		B265903A1D93ADB100DAF793 /* UIView+WebCacheOperation.m */ = {isa = PBXFileReference; fileEncoding = 4; lastKnownFileType = sourcecode.c.objc; path = "UIView+WebCacheOperation.m"; sourceTree = "<group>"; };
		B265904C1D93AEF100DAF793 /* MJDictionaryCache.h */ = {isa = PBXFileReference; fileEncoding = 4; lastKnownFileType = sourcecode.c.h; path = MJDictionaryCache.h; sourceTree = "<group>"; };
		B265904D1D93AEF100DAF793 /* MJDictionaryCache.m */ = {isa = PBXFileReference; fileEncoding = 4; lastKnownFileType = sourcecode.c.objc; path = MJDictionaryCache.m; sourceTree = "<group>"; };
		B265904E1D93AEF100DAF793 /* MJExtension.h */ = {isa = PBXFileReference; fileEncoding = 4; lastKnownFileType = sourcecode.c.h; path = MJExtension.h; sourceTree = "<group>"; };
		B265904F1D93AEF100DAF793 /* MJExtensionConst.h */ = {isa = PBXFileReference; fileEncoding = 4; lastKnownFileType = sourcecode.c.h; path = MJExtensionConst.h; sourceTree = "<group>"; };
		B26590501D93AEF100DAF793 /* MJExtensionConst.m */ = {isa = PBXFileReference; fileEncoding = 4; lastKnownFileType = sourcecode.c.objc; path = MJExtensionConst.m; sourceTree = "<group>"; };
		B26590511D93AEF100DAF793 /* MJFoundation.h */ = {isa = PBXFileReference; fileEncoding = 4; lastKnownFileType = sourcecode.c.h; path = MJFoundation.h; sourceTree = "<group>"; };
		B26590521D93AEF100DAF793 /* MJFoundation.m */ = {isa = PBXFileReference; fileEncoding = 4; lastKnownFileType = sourcecode.c.objc; path = MJFoundation.m; sourceTree = "<group>"; };
		B26590531D93AEF100DAF793 /* MJProperty.h */ = {isa = PBXFileReference; fileEncoding = 4; lastKnownFileType = sourcecode.c.h; path = MJProperty.h; sourceTree = "<group>"; };
		B26590541D93AEF100DAF793 /* MJProperty.m */ = {isa = PBXFileReference; fileEncoding = 4; lastKnownFileType = sourcecode.c.objc; path = MJProperty.m; sourceTree = "<group>"; };
		B26590551D93AEF100DAF793 /* MJPropertyKey.h */ = {isa = PBXFileReference; fileEncoding = 4; lastKnownFileType = sourcecode.c.h; path = MJPropertyKey.h; sourceTree = "<group>"; };
		B26590561D93AEF100DAF793 /* MJPropertyKey.m */ = {isa = PBXFileReference; fileEncoding = 4; lastKnownFileType = sourcecode.c.objc; path = MJPropertyKey.m; sourceTree = "<group>"; };
		B26590571D93AEF100DAF793 /* MJPropertyType.h */ = {isa = PBXFileReference; fileEncoding = 4; lastKnownFileType = sourcecode.c.h; path = MJPropertyType.h; sourceTree = "<group>"; };
		B26590581D93AEF100DAF793 /* MJPropertyType.m */ = {isa = PBXFileReference; fileEncoding = 4; lastKnownFileType = sourcecode.c.objc; path = MJPropertyType.m; sourceTree = "<group>"; };
		B26590591D93AEF100DAF793 /* NSObject+MJClass.h */ = {isa = PBXFileReference; fileEncoding = 4; lastKnownFileType = sourcecode.c.h; path = "NSObject+MJClass.h"; sourceTree = "<group>"; };
		B265905A1D93AEF100DAF793 /* NSObject+MJClass.m */ = {isa = PBXFileReference; fileEncoding = 4; lastKnownFileType = sourcecode.c.objc; path = "NSObject+MJClass.m"; sourceTree = "<group>"; };
		B265905B1D93AEF100DAF793 /* NSObject+MJCoding.h */ = {isa = PBXFileReference; fileEncoding = 4; lastKnownFileType = sourcecode.c.h; path = "NSObject+MJCoding.h"; sourceTree = "<group>"; };
		B265905C1D93AEF100DAF793 /* NSObject+MJCoding.m */ = {isa = PBXFileReference; fileEncoding = 4; lastKnownFileType = sourcecode.c.objc; path = "NSObject+MJCoding.m"; sourceTree = "<group>"; };
		B265905D1D93AEF100DAF793 /* NSObject+MJKeyValue.h */ = {isa = PBXFileReference; fileEncoding = 4; lastKnownFileType = sourcecode.c.h; path = "NSObject+MJKeyValue.h"; sourceTree = "<group>"; };
		B265905E1D93AEF100DAF793 /* NSObject+MJKeyValue.m */ = {isa = PBXFileReference; fileEncoding = 4; lastKnownFileType = sourcecode.c.objc; path = "NSObject+MJKeyValue.m"; sourceTree = "<group>"; };
		B265905F1D93AEF100DAF793 /* NSObject+MJProperty.h */ = {isa = PBXFileReference; fileEncoding = 4; lastKnownFileType = sourcecode.c.h; path = "NSObject+MJProperty.h"; sourceTree = "<group>"; };
		B26590601D93AEF100DAF793 /* NSObject+MJProperty.m */ = {isa = PBXFileReference; fileEncoding = 4; lastKnownFileType = sourcecode.c.objc; path = "NSObject+MJProperty.m"; sourceTree = "<group>"; };
		B26590611D93AEF100DAF793 /* NSString+MJExtension.h */ = {isa = PBXFileReference; fileEncoding = 4; lastKnownFileType = sourcecode.c.h; path = "NSString+MJExtension.h"; sourceTree = "<group>"; };
		B26590621D93AEF100DAF793 /* NSString+MJExtension.m */ = {isa = PBXFileReference; fileEncoding = 4; lastKnownFileType = sourcecode.c.objc; path = "NSString+MJExtension.m"; sourceTree = "<group>"; };
/* End PBXFileReference section */

/* Begin PBXFrameworksBuildPhase section */
		B24DD4E81D814C5900B2E7F4 /* Frameworks */ = {
			isa = PBXFrameworksBuildPhase;
			buildActionMask = 2147483647;
			files = (
			);
			runOnlyForDeploymentPostprocessing = 0;
		};
		B24DD5011D814C5900B2E7F4 /* Frameworks */ = {
			isa = PBXFrameworksBuildPhase;
			buildActionMask = 2147483647;
			files = (
			);
			runOnlyForDeploymentPostprocessing = 0;
		};
/* End PBXFrameworksBuildPhase section */

/* Begin PBXGroup section */
		B24DD4E21D814C5900B2E7F4 = {
			isa = PBXGroup;
			children = (
				B24DD4ED1D814C5900B2E7F4 /* BarrageDemo */,
				B24DD5071D814C5900B2E7F4 /* BarrageDemoTests */,
				B24DD4EC1D814C5900B2E7F4 /* Products */,
			);
			sourceTree = "<group>";
		};
		B24DD4EC1D814C5900B2E7F4 /* Products */ = {
			isa = PBXGroup;
			children = (
				B24DD4EB1D814C5900B2E7F4 /* BarrageDemo.app */,
				B24DD5041D814C5900B2E7F4 /* BarrageDemoTests.xctest */,
			);
			name = Products;
			sourceTree = "<group>";
		};
		B24DD4ED1D814C5900B2E7F4 /* BarrageDemo */ = {
			isa = PBXGroup;
			children = (
				B265904B1D93AEF100DAF793 /* MJExtension(数据处理) */,
				B26590191D93ADB100DAF793 /* SDWebImage */,
				B2658FD71D93A79E00DAF793 /* Barrage */,
				B2658FD51D93A76300DAF793 /* BarrageFile.plist */,
				B24DD4F11D814C5900B2E7F4 /* AppDelegate.h */,
				B24DD4F21D814C5900B2E7F4 /* AppDelegate.m */,
				B24DD4F41D814C5900B2E7F4 /* ViewController.h */,
				B24DD4F51D814C5900B2E7F4 /* ViewController.m */,
				B26590121D93A8D700DAF793 /* CustomCell.h */,
				B26590131D93A8D700DAF793 /* CustomCell.m */,
				B26590171D93A8F500DAF793 /* CustomCell.xib */,
				B24F3D371D89281C009F4C59 /* BarrageModel.h */,
				B24F3D381D89281C009F4C59 /* BarrageModel.m */,
				B24DD4F71D814C5900B2E7F4 /* Main.storyboard */,
				B24DD4FA1D814C5900B2E7F4 /* Assets.xcassets */,
				B24DD4FC1D814C5900B2E7F4 /* LaunchScreen.storyboard */,
				B24DD4FF1D814C5900B2E7F4 /* Info.plist */,
				B24DD4EE1D814C5900B2E7F4 /* Supporting Files */,
			);
			path = BarrageDemo;
			sourceTree = "<group>";
		};
		B24DD4EE1D814C5900B2E7F4 /* Supporting Files */ = {
			isa = PBXGroup;
			children = (
				B24DD4EF1D814C5900B2E7F4 /* main.m */,
			);
			name = "Supporting Files";
			sourceTree = "<group>";
		};
		B24DD5071D814C5900B2E7F4 /* BarrageDemoTests */ = {
			isa = PBXGroup;
			children = (
				B24DD5081D814C5900B2E7F4 /* BarrageDemoTests.m */,
				B24DD50A1D814C5900B2E7F4 /* Info.plist */,
			);
			path = BarrageDemoTests;
			sourceTree = "<group>";
		};
		B2658FD71D93A79E00DAF793 /* Barrage */ = {
			isa = PBXGroup;
			children = (
				B2658FD91D93A7F500DAF793 /* BarrageView.h */,
				B2658FDA1D93A7F500DAF793 /* BarrageView.m */,
				B2658FDB1D93A7F500DAF793 /* BarrageViewCell.h */,
				B2658FDC1D93A7F500DAF793 /* BarrageViewCell.m */,
				B2658FD81D93A7F500DAF793 /* BarrageModelAble.h */,
			);
			path = Barrage;
			sourceTree = "<group>";
		};
		B26590191D93ADB100DAF793 /* SDWebImage */ = {
			isa = PBXGroup;
			children = (
				B265901A1D93ADB100DAF793 /* MKAnnotationView+WebCache.h */,
				B265901B1D93ADB100DAF793 /* MKAnnotationView+WebCache.m */,
				B265901C1D93ADB100DAF793 /* NSData+ImageContentType.h */,
				B265901D1D93ADB100DAF793 /* NSData+ImageContentType.m */,
				B265901E1D93ADB100DAF793 /* SDImageCache.h */,
				B265901F1D93ADB100DAF793 /* SDImageCache.m */,
				B26590201D93ADB100DAF793 /* SDWebImageCompat.h */,
				B26590211D93ADB100DAF793 /* SDWebImageCompat.m */,
				B26590221D93ADB100DAF793 /* SDWebImageDecoder.h */,
				B26590231D93ADB100DAF793 /* SDWebImageDecoder.m */,
				B26590241D93ADB100DAF793 /* SDWebImageDownloader.h */,
				B26590251D93ADB100DAF793 /* SDWebImageDownloader.m */,
				B26590261D93ADB100DAF793 /* SDWebImageDownloaderOperation.h */,
				B26590271D93ADB100DAF793 /* SDWebImageDownloaderOperation.m */,
				B26590281D93ADB100DAF793 /* SDWebImageManager.h */,
				B26590291D93ADB100DAF793 /* SDWebImageManager.m */,
				B265902A1D93ADB100DAF793 /* SDWebImageOperation.h */,
				B265902B1D93ADB100DAF793 /* SDWebImagePrefetcher.h */,
				B265902C1D93ADB100DAF793 /* SDWebImagePrefetcher.m */,
				B265902D1D93ADB100DAF793 /* UIButton+WebCache.h */,
				B265902E1D93ADB100DAF793 /* UIButton+WebCache.m */,
				B265902F1D93ADB100DAF793 /* UIImage+GIF.h */,
				B26590301D93ADB100DAF793 /* UIImage+GIF.m */,
				B26590311D93ADB100DAF793 /* UIImage+MultiFormat.h */,
				B26590321D93ADB100DAF793 /* UIImage+MultiFormat.m */,
				B26590331D93ADB100DAF793 /* UIImage+WebP.h */,
				B26590341D93ADB100DAF793 /* UIImage+WebP.m */,
				B26590351D93ADB100DAF793 /* UIImageView+HighlightedWebCache.h */,
				B26590361D93ADB100DAF793 /* UIImageView+HighlightedWebCache.m */,
				B26590371D93ADB100DAF793 /* UIImageView+WebCache.h */,
				B26590381D93ADB100DAF793 /* UIImageView+WebCache.m */,
				B26590391D93ADB100DAF793 /* UIView+WebCacheOperation.h */,
				B265903A1D93ADB100DAF793 /* UIView+WebCacheOperation.m */,
			);
			path = SDWebImage;
			sourceTree = "<group>";
		};
		B265904B1D93AEF100DAF793 /* MJExtension(数据处理) */ = {
			isa = PBXGroup;
			children = (
				B265904C1D93AEF100DAF793 /* MJDictionaryCache.h */,
				B265904D1D93AEF100DAF793 /* MJDictionaryCache.m */,
				B265904E1D93AEF100DAF793 /* MJExtension.h */,
				B265904F1D93AEF100DAF793 /* MJExtensionConst.h */,
				B26590501D93AEF100DAF793 /* MJExtensionConst.m */,
				B26590511D93AEF100DAF793 /* MJFoundation.h */,
				B26590521D93AEF100DAF793 /* MJFoundation.m */,
				B26590531D93AEF100DAF793 /* MJProperty.h */,
				B26590541D93AEF100DAF793 /* MJProperty.m */,
				B26590551D93AEF100DAF793 /* MJPropertyKey.h */,
				B26590561D93AEF100DAF793 /* MJPropertyKey.m */,
				B26590571D93AEF100DAF793 /* MJPropertyType.h */,
				B26590581D93AEF100DAF793 /* MJPropertyType.m */,
				B26590591D93AEF100DAF793 /* NSObject+MJClass.h */,
				B265905A1D93AEF100DAF793 /* NSObject+MJClass.m */,
				B265905B1D93AEF100DAF793 /* NSObject+MJCoding.h */,
				B265905C1D93AEF100DAF793 /* NSObject+MJCoding.m */,
				B265905D1D93AEF100DAF793 /* NSObject+MJKeyValue.h */,
				B265905E1D93AEF100DAF793 /* NSObject+MJKeyValue.m */,
				B265905F1D93AEF100DAF793 /* NSObject+MJProperty.h */,
				B26590601D93AEF100DAF793 /* NSObject+MJProperty.m */,
				B26590611D93AEF100DAF793 /* NSString+MJExtension.h */,
				B26590621D93AEF100DAF793 /* NSString+MJExtension.m */,
			);
			path = "MJExtension(数据处理)";
			sourceTree = "<group>";
		};
/* End PBXGroup section */

/* Begin PBXNativeTarget section */
		B24DD4EA1D814C5900B2E7F4 /* BarrageDemo */ = {
			isa = PBXNativeTarget;
			buildConfigurationList = B24DD50D1D814C5900B2E7F4 /* Build configuration list for PBXNativeTarget "BarrageDemo" */;
			buildPhases = (
				B24DD4E71D814C5900B2E7F4 /* Sources */,
				B24DD4E81D814C5900B2E7F4 /* Frameworks */,
				B24DD4E91D814C5900B2E7F4 /* Resources */,
			);
			buildRules = (
			);
			dependencies = (
			);
			name = BarrageDemo;
			productName = BarrageDemo;
			productReference = B24DD4EB1D814C5900B2E7F4 /* BarrageDemo.app */;
			productType = "com.apple.product-type.application";
		};
		B24DD5031D814C5900B2E7F4 /* BarrageDemoTests */ = {
			isa = PBXNativeTarget;
			buildConfigurationList = B24DD5101D814C5900B2E7F4 /* Build configuration list for PBXNativeTarget "BarrageDemoTests" */;
			buildPhases = (
				B24DD5001D814C5900B2E7F4 /* Sources */,
				B24DD5011D814C5900B2E7F4 /* Frameworks */,
				B24DD5021D814C5900B2E7F4 /* Resources */,
			);
			buildRules = (
			);
			dependencies = (
				B24DD5061D814C5900B2E7F4 /* PBXTargetDependency */,
			);
			name = BarrageDemoTests;
			productName = BarrageDemoTests;
			productReference = B24DD5041D814C5900B2E7F4 /* BarrageDemoTests.xctest */;
			productType = "com.apple.product-type.bundle.unit-test";
		};
/* End PBXNativeTarget section */

/* Begin PBXProject section */
		B24DD4E31D814C5900B2E7F4 /* Project object */ = {
			isa = PBXProject;
			attributes = {
				LastUpgradeCheck = 0730;
				ORGANIZATIONNAME = "siping ruan";
				TargetAttributes = {
					B24DD4EA1D814C5900B2E7F4 = {
						CreatedOnToolsVersion = 7.3.1;
						DevelopmentTeam = TCG984F2R6;
						ProvisioningStyle = Automatic;
					};
					B24DD5031D814C5900B2E7F4 = {
						CreatedOnToolsVersion = 7.3.1;
						TestTargetID = B24DD4EA1D814C5900B2E7F4;
					};
				};
			};
			buildConfigurationList = B24DD4E61D814C5900B2E7F4 /* Build configuration list for PBXProject "BarrageDemo" */;
			compatibilityVersion = "Xcode 3.2";
			developmentRegion = English;
			hasScannedForEncodings = 0;
			knownRegions = (
				en,
				Base,
			);
			mainGroup = B24DD4E21D814C5900B2E7F4;
			productRefGroup = B24DD4EC1D814C5900B2E7F4 /* Products */;
			projectDirPath = "";
			projectRoot = "";
			targets = (
				B24DD4EA1D814C5900B2E7F4 /* BarrageDemo */,
				B24DD5031D814C5900B2E7F4 /* BarrageDemoTests */,
			);
		};
/* End PBXProject section */

/* Begin PBXResourcesBuildPhase section */
		B24DD4E91D814C5900B2E7F4 /* Resources */ = {
			isa = PBXResourcesBuildPhase;
			buildActionMask = 2147483647;
			files = (
				B26590181D93A8F500DAF793 /* CustomCell.xib in Resources */,
				B24DD4FE1D814C5900B2E7F4 /* LaunchScreen.storyboard in Resources */,
				B24DD4FB1D814C5900B2E7F4 /* Assets.xcassets in Resources */,
				B24DD4F91D814C5900B2E7F4 /* Main.storyboard in Resources */,
				B2658FD61D93A76300DAF793 /* BarrageFile.plist in Resources */,
			);
			runOnlyForDeploymentPostprocessing = 0;
		};
		B24DD5021D814C5900B2E7F4 /* Resources */ = {
			isa = PBXResourcesBuildPhase;
			buildActionMask = 2147483647;
			files = (
			);
			runOnlyForDeploymentPostprocessing = 0;
		};
/* End PBXResourcesBuildPhase section */

/* Begin PBXSourcesBuildPhase section */
		B24DD4E71D814C5900B2E7F4 /* Sources */ = {
			isa = PBXSourcesBuildPhase;
			buildActionMask = 2147483647;
			files = (
				B26590491D93ADB100DAF793 /* UIImageView+WebCache.m in Sources */,
				B26590451D93ADB100DAF793 /* UIImage+GIF.m in Sources */,
				B265903E1D93ADB100DAF793 /* SDWebImageCompat.m in Sources */,
				B26590691D93AEF100DAF793 /* NSObject+MJClass.m in Sources */,
				B26590441D93ADB100DAF793 /* UIButton+WebCache.m in Sources */,
				B26590461D93ADB100DAF793 /* UIImage+MultiFormat.m in Sources */,
				B26590431D93ADB100DAF793 /* SDWebImagePrefetcher.m in Sources */,
				B2658FDD1D93A7F500DAF793 /* BarrageView.m in Sources */,
				B26590651D93AEF100DAF793 /* MJFoundation.m in Sources */,
				B265904A1D93ADB100DAF793 /* UIView+WebCacheOperation.m in Sources */,
				B265903B1D93ADB100DAF793 /* MKAnnotationView+WebCache.m in Sources */,
				B26590471D93ADB100DAF793 /* UIImage+WebP.m in Sources */,
				B24DD4F61D814C5900B2E7F4 /* ViewController.m in Sources */,
				B265906C1D93AEF100DAF793 /* NSObject+MJProperty.m in Sources */,
				B265906D1D93AEF100DAF793 /* NSString+MJExtension.m in Sources */,
				B26590411D93ADB100DAF793 /* SDWebImageDownloaderOperation.m in Sources */,
				B265903F1D93ADB100DAF793 /* SDWebImageDecoder.m in Sources */,
				B24DD4F31D814C5900B2E7F4 /* AppDelegate.m in Sources */,
				B265906B1D93AEF100DAF793 /* NSObject+MJKeyValue.m in Sources */,
				B26590671D93AEF100DAF793 /* MJPropertyKey.m in Sources */,
				B26590681D93AEF100DAF793 /* MJPropertyType.m in Sources */,
				B26590481D93ADB100DAF793 /* UIImageView+HighlightedWebCache.m in Sources */,
				B265903C1D93ADB100DAF793 /* NSData+ImageContentType.m in Sources */,
				B26590401D93ADB100DAF793 /* SDWebImageDownloader.m in Sources */,
				B2658FDE1D93A7F500DAF793 /* BarrageViewCell.m in Sources */,
				B265906A1D93AEF100DAF793 /* NSObject+MJCoding.m in Sources */,
				B26590141D93A8D700DAF793 /* CustomCell.m in Sources */,
				B24F3D391D89281C009F4C59 /* BarrageModel.m in Sources */,
				B26590421D93ADB100DAF793 /* SDWebImageManager.m in Sources */,
				B26590661D93AEF100DAF793 /* MJProperty.m in Sources */,
				B26590641D93AEF100DAF793 /* MJExtensionConst.m in Sources */,
				B24DD4F01D814C5900B2E7F4 /* main.m in Sources */,
				B265903D1D93ADB100DAF793 /* SDImageCache.m in Sources */,
				B26590631D93AEF100DAF793 /* MJDictionaryCache.m in Sources */,
			);
			runOnlyForDeploymentPostprocessing = 0;
		};
		B24DD5001D814C5900B2E7F4 /* Sources */ = {
			isa = PBXSourcesBuildPhase;
			buildActionMask = 2147483647;
			files = (
				B24DD5091D814C5900B2E7F4 /* BarrageDemoTests.m in Sources */,
			);
			runOnlyForDeploymentPostprocessing = 0;
		};
/* End PBXSourcesBuildPhase section */

/* Begin PBXTargetDependency section */
		B24DD5061D814C5900B2E7F4 /* PBXTargetDependency */ = {
			isa = PBXTargetDependency;
			target = B24DD4EA1D814C5900B2E7F4 /* BarrageDemo */;
			targetProxy = B24DD5051D814C5900B2E7F4 /* PBXContainerItemProxy */;
		};
/* End PBXTargetDependency section */

/* Begin PBXVariantGroup section */
		B24DD4F71D814C5900B2E7F4 /* Main.storyboard */ = {
			isa = PBXVariantGroup;
			children = (
				B24DD4F81D814C5900B2E7F4 /* Base */,
			);
			name = Main.storyboard;
			sourceTree = "<group>";
		};
		B24DD4FC1D814C5900B2E7F4 /* LaunchScreen.storyboard */ = {
			isa = PBXVariantGroup;
			children = (
				B24DD4FD1D814C5900B2E7F4 /* Base */,
			);
			name = LaunchScreen.storyboard;
			sourceTree = "<group>";
		};
/* End PBXVariantGroup section */

/* Begin XCBuildConfiguration section */
		B24DD50B1D814C5900B2E7F4 /* Debug */ = {
			isa = XCBuildConfiguration;
			buildSettings = {
				ALWAYS_SEARCH_USER_PATHS = NO;
				CLANG_ANALYZER_NONNULL = YES;
				CLANG_CXX_LANGUAGE_STANDARD = "gnu++0x";
				CLANG_CXX_LIBRARY = "libc++";
				CLANG_ENABLE_MODULES = YES;
				CLANG_ENABLE_OBJC_ARC = YES;
				CLANG_WARN_BOOL_CONVERSION = YES;
				CLANG_WARN_CONSTANT_CONVERSION = YES;
				CLANG_WARN_DIRECT_OBJC_ISA_USAGE = YES_ERROR;
				CLANG_WARN_EMPTY_BODY = YES;
				CLANG_WARN_ENUM_CONVERSION = YES;
				CLANG_WARN_INT_CONVERSION = YES;
				CLANG_WARN_OBJC_ROOT_CLASS = YES_ERROR;
				CLANG_WARN_UNREACHABLE_CODE = YES;
				CLANG_WARN__DUPLICATE_METHOD_MATCH = YES;
				"CODE_SIGN_IDENTITY[sdk=iphoneos*]" = "iPhone Developer";
				COPY_PHASE_STRIP = NO;
				DEBUG_INFORMATION_FORMAT = dwarf;
				ENABLE_STRICT_OBJC_MSGSEND = YES;
				ENABLE_TESTABILITY = YES;
				GCC_C_LANGUAGE_STANDARD = gnu99;
				GCC_DYNAMIC_NO_PIC = NO;
				GCC_NO_COMMON_BLOCKS = YES;
				GCC_OPTIMIZATION_LEVEL = 0;
				GCC_PREPROCESSOR_DEFINITIONS = (
					"DEBUG=1",
					"$(inherited)",
				);
				GCC_WARN_64_TO_32_BIT_CONVERSION = YES;
				GCC_WARN_ABOUT_RETURN_TYPE = YES_ERROR;
				GCC_WARN_UNDECLARED_SELECTOR = YES;
				GCC_WARN_UNINITIALIZED_AUTOS = YES_AGGRESSIVE;
				GCC_WARN_UNUSED_FUNCTION = YES;
				GCC_WARN_UNUSED_VARIABLE = YES;
				IPHONEOS_DEPLOYMENT_TARGET = 9.3;
				MTL_ENABLE_DEBUG_INFO = YES;
				ONLY_ACTIVE_ARCH = YES;
				SDKROOT = iphoneos;
				TARGETED_DEVICE_FAMILY = "1,2";
			};
			name = Debug;
		};
		B24DD50C1D814C5900B2E7F4 /* Release */ = {
			isa = XCBuildConfiguration;
			buildSettings = {
				ALWAYS_SEARCH_USER_PATHS = NO;
				CLANG_ANALYZER_NONNULL = YES;
				CLANG_CXX_LANGUAGE_STANDARD = "gnu++0x";
				CLANG_CXX_LIBRARY = "libc++";
				CLANG_ENABLE_MODULES = YES;
				CLANG_ENABLE_OBJC_ARC = YES;
				CLANG_WARN_BOOL_CONVERSION = YES;
				CLANG_WARN_CONSTANT_CONVERSION = YES;
				CLANG_WARN_DIRECT_OBJC_ISA_USAGE = YES_ERROR;
				CLANG_WARN_EMPTY_BODY = YES;
				CLANG_WARN_ENUM_CONVERSION = YES;
				CLANG_WARN_INT_CONVERSION = YES;
				CLANG_WARN_OBJC_ROOT_CLASS = YES_ERROR;
				CLANG_WARN_UNREACHABLE_CODE = YES;
				CLANG_WARN__DUPLICATE_METHOD_MATCH = YES;
				"CODE_SIGN_IDENTITY[sdk=iphoneos*]" = "iPhone Developer";
				COPY_PHASE_STRIP = NO;
				DEBUG_INFORMATION_FORMAT = "dwarf-with-dsym";
				ENABLE_NS_ASSERTIONS = NO;
				ENABLE_STRICT_OBJC_MSGSEND = YES;
				GCC_C_LANGUAGE_STANDARD = gnu99;
				GCC_NO_COMMON_BLOCKS = YES;
				GCC_WARN_64_TO_32_BIT_CONVERSION = YES;
				GCC_WARN_ABOUT_RETURN_TYPE = YES_ERROR;
				GCC_WARN_UNDECLARED_SELECTOR = YES;
				GCC_WARN_UNINITIALIZED_AUTOS = YES_AGGRESSIVE;
				GCC_WARN_UNUSED_FUNCTION = YES;
				GCC_WARN_UNUSED_VARIABLE = YES;
				IPHONEOS_DEPLOYMENT_TARGET = 9.3;
				MTL_ENABLE_DEBUG_INFO = NO;
				SDKROOT = iphoneos;
				TARGETED_DEVICE_FAMILY = "1,2";
				VALIDATE_PRODUCT = YES;
			};
			name = Release;
		};
		B24DD50E1D814C5900B2E7F4 /* Debug */ = {
			isa = XCBuildConfiguration;
			buildSettings = {
				ASSETCATALOG_COMPILER_APPICON_NAME = AppIcon;
				"CODE_SIGN_IDENTITY[sdk=iphoneos*]" = "iPhone Developer";
				DEVELOPMENT_TEAM = TCG984F2R6;
				INFOPLIST_FILE = BarrageDemo/Info.plist;
				LD_RUNPATH_SEARCH_PATHS = "$(inherited) @executable_path/Frameworks";
				PRODUCT_BUNDLE_IDENTIFIER = com.rasping.BarrageDemo;
				PRODUCT_NAME = "$(TARGET_NAME)";
				PROVISIONING_PROFILE = "";
				PROVISIONING_PROFILE_SPECIFIER = "";
			};
			name = Debug;
		};
		B24DD50F1D814C5900B2E7F4 /* Release */ = {
			isa = XCBuildConfiguration;
			buildSettings = {
				ASSETCATALOG_COMPILER_APPICON_NAME = AppIcon;
				"CODE_SIGN_IDENTITY[sdk=iphoneos*]" = "iPhone Developer";
				DEVELOPMENT_TEAM = TCG984F2R6;
				INFOPLIST_FILE = BarrageDemo/Info.plist;
				LD_RUNPATH_SEARCH_PATHS = "$(inherited) @executable_path/Frameworks";
				PRODUCT_BUNDLE_IDENTIFIER = com.rasping.BarrageDemo;
				PRODUCT_NAME = "$(TARGET_NAME)";
			};
			name = Release;
		};
		B24DD5111D814C5900B2E7F4 /* Debug */ = {
			isa = XCBuildConfiguration;
			buildSettings = {
				BUNDLE_LOADER = "$(TEST_HOST)";
				INFOPLIST_FILE = BarrageDemoTests/Info.plist;
				LD_RUNPATH_SEARCH_PATHS = "$(inherited) @executable_path/Frameworks @loader_path/Frameworks";
				PRODUCT_BUNDLE_IDENTIFIER = "gem-office.BarrageDemoTests";
				PRODUCT_NAME = "$(TARGET_NAME)";
				TEST_HOST = "$(BUILT_PRODUCTS_DIR)/BarrageDemo.app/BarrageDemo";
			};
			name = Debug;
		};
		B24DD5121D814C5900B2E7F4 /* Release */ = {
			isa = XCBuildConfiguration;
			buildSettings = {
				BUNDLE_LOADER = "$(TEST_HOST)";
				INFOPLIST_FILE = BarrageDemoTests/Info.plist;
				LD_RUNPATH_SEARCH_PATHS = "$(inherited) @executable_path/Frameworks @loader_path/Frameworks";
				PRODUCT_BUNDLE_IDENTIFIER = "gem-office.BarrageDemoTests";
				PRODUCT_NAME = "$(TARGET_NAME)";
				TEST_HOST = "$(BUILT_PRODUCTS_DIR)/BarrageDemo.app/BarrageDemo";
			};
			name = Release;
		};
/* End XCBuildConfiguration section */

/* Begin XCConfigurationList section */
		B24DD4E61D814C5900B2E7F4 /* Build configuration list for PBXProject "BarrageDemo" */ = {
			isa = XCConfigurationList;
			buildConfigurations = (
				B24DD50B1D814C5900B2E7F4 /* Debug */,
				B24DD50C1D814C5900B2E7F4 /* Release */,
			);
			defaultConfigurationIsVisible = 0;
			defaultConfigurationName = Release;
		};
		B24DD50D1D814C5900B2E7F4 /* Build configuration list for PBXNativeTarget "BarrageDemo" */ = {
			isa = XCConfigurationList;
			buildConfigurations = (
				B24DD50E1D814C5900B2E7F4 /* Debug */,
				B24DD50F1D814C5900B2E7F4 /* Release */,
			);
			defaultConfigurationIsVisible = 0;
			defaultConfigurationName = Release;
		};
		B24DD5101D814C5900B2E7F4 /* Build configuration list for PBXNativeTarget "BarrageDemoTests" */ = {
			isa = XCConfigurationList;
			buildConfigurations = (
				B24DD5111D814C5900B2E7F4 /* Debug */,
				B24DD5121D814C5900B2E7F4 /* Release */,
			);
			defaultConfigurationIsVisible = 0;
			defaultConfigurationName = Release;
		};
/* End XCConfigurationList section */
	};
	rootObject = B24DD4E31D814C5900B2E7F4 /* Project object */;
}
